
Microsoft Visual Studio Solution File, Format Version 12.00
# Visual Studio 14
VisualStudioVersion = 14.0.24720.0
MinimumVisualStudioVersion = 10.0.40219.1
Project("{FAE04EC0-301F-11D3-BF4B-00C04F79EFBC}") = "Server", "Server\Server.csproj", "{7BC1F49E-AF33-407A-81C0-2D44B632AD74}"
EndProject
Project("{FAE04EC0-301F-11D3-BF4B-00C04F79EFBC}") = "Client", "Client\Client.csproj", "{16BB65E0-4645-4124-9030-05E5819EF5F3}"
EndProject
Global
	GlobalSection(SolutionConfigurationPlatforms) = preSolution
		Debug|Any CPU = Debug|Any CPU
		Release|Any CPU = Release|Any CPU
	EndGlobalSection
	GlobalSection(ProjectConfigurationPlatforms) = postSolution
		{7BC1F49E-AF33-407A-81C0-2D44B632AD74}.Debug|Any CPU.ActiveCfg = Debug|Any CPU
		{7BC1F49E-AF33-407A-81C0-2D44B632AD74}.Debug|Any CPU.Build.0 = Debug|Any CPU
		{7BC1F49E-AF33-407A-81C0-2D44B632AD74}.Release|Any CPU.ActiveCfg = Release|Any CPU
		{7BC1F49E-AF33-407A-81C0-2D44B632AD74}.Release|Any CPU.Build.0 = Release|Any CPU
		{16BB65E0-4645-4124-9030-05E5819EF5F3}.Debug|Any CPU.ActiveCfg = Debug|Any CPU
		{16BB65E0-4645-4124-9030-05E5819EF5F3}.Debug|Any CPU.Build.0 = Debug|Any CPU
		{16BB65E0-4645-4124-9030-05E5819EF5F3}.Release|Any CPU.ActiveCfg = Release|Any CPU
		{16BB65E0-4645-4124-9030-05E5819EF5F3}.Release|Any CPU.Build.0 = Release|Any CPU
	EndGlobalSection
	GlobalSection(SolutionProperties) = preSolution
		HideSolutionNode = FALSE
	EndGlobalSection
EndGlobal
